{
    "requires": true,
    "lockfileVersion": 1,
    "dependencies": {
        "laravel-echo": {
            "version": "1.10.0",
            "resolved": "https://registry.npmjs.org/laravel-echo/-/laravel-echo-1.10.0.tgz",
            "integrity": "sha512-qshJkrzl34on1VYd8KqZhLxUdWJFPTL6cGSZ4lVQ4OZMN7FvI9Pt24PrOFL169I8IEDHjHX16jaIAIwCkdnDNA=="
        },
        "pusher-js": {
            "version": "7.0.3",
            "resolved": "https://registry.npmjs.org/pusher-js/-/pusher-js-7.0.3.tgz",
            "integrity": "sha512-HIfCvt00CAqgO4W0BrdpPsDcAwy51rB6DN0VMC+JeVRRbo8mn3XTeUeIFjmmlRLZLX8rPhUtLRo7vPag6b8GCw==",
            "requires": {
                "tweetnacl": "^1.0.3"
            }
        },
        "tweetnacl": {
            "version": "1.0.3",
            "resolved": "https://registry.npmjs.org/tweetnacl/-/tweetnacl-1.0.3.tgz",
            "integrity": "sha512-6rt+RN7aOi1nGMyC4Xa5DdYiukl2UWCbcJft7YhxReBGQD7OAM8Pbxw6YMo4r2diNEA8FEmu32YOn9rhaiE5yw=="
        }
    }
}
